
Microsoft Visual Studio Solution File, Format Version 12.00
# Visual Studio Version 17
VisualStudioVersion = 17.0.32126.317
MinimumVisualStudioVersion = 10.0.40219.1
Project("{FAE04EC0-301F-11D3-BF4B-00C04F79EFBC}") = "ZenlyAPIClient", "ZenlyAPIClient\ZenlyAPIClient.csproj", "{019356E6-93D7-4B83-AF9E-C2C51A01A2AE}"
EndProject
Global
	GlobalSection(SolutionConfigurationPlatforms) = preSolution
		Debug|Any CPU = Debug|Any CPU
		Release|Any CPU = Release|Any CPU
	EndGlobalSection
	GlobalSection(ProjectConfigurationPlatforms) = postSolution
		{019356E6-93D7-4B83-AF9E-C2C51A01A2AE}.Debug|Any CPU.ActiveCfg = Debug|Any CPU
		{019356E6-93D7-4B83-AF9E-C2C51A01A2AE}.Debug|Any CPU.Build.0 = Debug|Any CPU
		{019356E6-93D7-4B83-AF9E-C2C51A01A2AE}.Release|Any CPU.ActiveCfg = Release|Any CPU
		{019356E6-93D7-4B83-AF9E-C2C51A01A2AE}.Release|Any CPU.Build.0 = Release|Any CPU
	EndGlobalSection
	GlobalSection(SolutionProperties) = preSolution
		HideSolutionNode = FALSE
	EndGlobalSection
	GlobalSection(ExtensibilityGlobals) = postSolution
		SolutionGuid = {40CA760F-AF45-49F9-9FA3-6BD406BFB633}
	EndGlobalSection
EndGlobal
